// !$*UTF8*$!
{
	archiveVersion = 1;
	classes = {
	};
	objectVersion = 46;
	objects = {
/* Begin PBXBuildFile section */
		0207DA581B56EA530066E2B4 /* Images.xcassets in Resources */ = {isa = PBXBuildFile; fileRef = 0207DA571B56EA530066E2B4 /* Images.xcassets */; };
		1D3623260D0F684500981E51 /* AppDelegate.m in Sources */ = {isa = PBXBuildFile; fileRef = 1D3623250D0F684500981E51 /* AppDelegate.m */; };
		1D60589B0D05DD56006BFB54 /* main.m in Sources */ = {isa = PBXBuildFile; fileRef = 29B97316FDCFA39411CA2CEA /* main.m */; };
		301BF552109A68D80062928A /* libCordova.a in Frameworks */ = {isa = PBXBuildFile; fileRef = 301BF535109A57CC0062928A /* libCordova.a */; };
		302D95F114D2391D003F00A1 /* MainViewController.m in Sources */ = {isa = PBXBuildFile; fileRef = 302D95EF14D2391D003F00A1 /* MainViewController.m */; };
		302D95F214D2391D003F00A1 /* MainViewController.xib in Resources */ = {isa = PBXBuildFile; fileRef = 302D95F014D2391D003F00A1 /* MainViewController.xib */; };
		3047A5121AB8059700498E2A /* build-debug.xcconfig in Resources */ = {isa = PBXBuildFile; fileRef = 3047A50F1AB8059700498E2A /* build-debug.xcconfig */; };
		3047A5131AB8059700498E2A /* build-release.xcconfig in Resources */ = {isa = PBXBuildFile; fileRef = 3047A5101AB8059700498E2A /* build-release.xcconfig */; };
		3047A5141AB8059700498E2A /* build.xcconfig in Resources */ = {isa = PBXBuildFile; fileRef = 3047A5111AB8059700498E2A /* build.xcconfig */; };
		6AFF5BF91D6E424B00AB3073 /* CDVLaunchScreen.storyboard in Resources */ = {isa = PBXBuildFile; fileRef = 6AFF5BF81D6E424B00AB3073 /* CDVLaunchScreen.storyboard */; };
		3C425CCB3B2040F1BCF23A46 /* CDVLogger.m in Sources */ = {isa = PBXBuildFile; fileRef = 32FB0E2617A2427D8A35E555 /* CDVLogger.m */; };
		4573D20103894B3EA96E649C /* CDVDevice.m in Sources */ = {isa = PBXBuildFile; fileRef = 376D7103AB4C450FA61CB620 /* CDVDevice.m */; };
		1F232AAB74484B37A030E658 /* CDVSplashScreen.m in Sources */ = {isa = PBXBuildFile; fileRef = 8215E6D348D44E6482F91676 /* CDVSplashScreen.m */; };
		D8079716AEE1419AA2B83499 /* CDVViewController+SplashScreen.m in Sources */ = {isa = PBXBuildFile; fileRef = A2D481F9CA124A47B7932C0C /* CDVViewController+SplashScreen.m */; };
		F7A7C8EFCB364136A610C11B /* CDVStatusBar.m in Sources */ = {isa = PBXBuildFile; fileRef = E94C80E7D1F3450CA675CE59 /* CDVStatusBar.m */; };
		4B6451298D604578A7628184 /* IonicKeyboard.m in Sources */ = {isa = PBXBuildFile; fileRef = DA0FFB5B0C4B4707B94CF4C9 /* IonicKeyboard.m */; };
		E28BCB8F78E4410796D8EEED /* CDVNotification.m in Sources */ = {isa = PBXBuildFile; fileRef = CCEB718F16CD476C9EAD51B1 /* CDVNotification.m */; };
		1F6B7DF22EC14151822E67AA /* CDVNotification.bundle in Resources */ = {isa = PBXBuildFile; fileRef = 3BF86226D5134DFA833EFEB8 /* CDVNotification.bundle */; };
		7DC6960DED73469BB399EA79 /* AudioToolbox.framework in Frameworks */ = {isa = PBXBuildFile; fileRef = 749A2DCF34AB4E0680EC61F0 /* AudioToolbox.framework */; settings = {ATTRIBUTES = (Weak, ); }; };
		18F6F189CED04590A9C606E3 /* CDVConnection.m in Sources */ = {isa = PBXBuildFile; fileRef = EC7AD8E95F6C4D4FB28E57DE /* CDVConnection.m */; };
		331E6BACAC994C2C8D603120 /* CDVReachability.m in Sources */ = {isa = PBXBuildFile; fileRef = D38FC47D63B0417BA467692A /* CDVReachability.m */; };
		B7E142218DF24CBB8D91BA93 /* SystemConfiguration.framework in Frameworks */ = {isa = PBXBuildFile; fileRef = E73598A07B3D449BB210946D /* SystemConfiguration.framework */; settings = {ATTRIBUTES = (Weak, ); }; };
		76D5F224D7BC47C6BBAB7C4D /* CoreTelephony.framework in Frameworks */ = {isa = PBXBuildFile; fileRef = 902CC1BA50974DCCB0710201 /* CoreTelephony.framework */; };
		184442B6AF504A208B8D8B2B /* GooglePlus.m in Sources */ = {isa = PBXBuildFile; fileRef = 5B2F8DADA09C43DEBA44ECB2 /* GooglePlus.m */; };
		1124E1880E864CEEB6AD4069 /* GoogleAppUtilities.framework in Frameworks */ = {isa = PBXBuildFile; fileRef = 21090730EAC54601BAF39696 /* GoogleAppUtilities.framework */; };
		1AA679ED700642A2BD2E647A /* GoogleAuthUtilities.framework in Frameworks */ = {isa = PBXBuildFile; fileRef = D7BC9E0069584B86A9041AF1 /* GoogleAuthUtilities.framework */; };
		5B5F4CDB818F475CAE75D719 /* GoogleNetworkingUtilities.framework in Frameworks */ = {isa = PBXBuildFile; fileRef = C14B34E2295648868FBE176F /* GoogleNetworkingUtilities.framework */; };
		8B815E0553A547878D5C36FC /* GoogleSignIn.framework in Frameworks */ = {isa = PBXBuildFile; fileRef = 2FBDC16CFCC54F4E982A8B3B /* GoogleSignIn.framework */; };
		94A4269A6C6C4616BB53E468 /* GoogleSymbolUtilities.framework in Frameworks */ = {isa = PBXBuildFile; fileRef = 0D9D91C9832147929EE8C581 /* GoogleSymbolUtilities.framework */; };
		0AC6D8C6F0D744818D749DF6 /* GoogleUtilities.framework in Frameworks */ = {isa = PBXBuildFile; fileRef = 94E8BD0B731B4225A34DA2D3 /* GoogleUtilities.framework */; };
		ABEF77E60E8348D4805B7FB0 /* AddressBook.framework in Frameworks */ = {isa = PBXBuildFile; fileRef = D1411022051041D4BECAE883 /* AddressBook.framework */; settings = {ATTRIBUTES = (Weak, ); }; };
		196F036150EB45DCB57C8981 /* CoreText.framework in Frameworks */ = {isa = PBXBuildFile; fileRef = 4CF56DA6BBCB467D97169FE3 /* CoreText.framework */; settings = {ATTRIBUTES = (Weak, ); }; };
		194C50EE138748DA8B6E55AE /* SafariServices.framework in Frameworks */ = {isa = PBXBuildFile; fileRef = 7162A7F3707741C0A0DB4C62 /* SafariServices.framework */; settings = {ATTRIBUTES = (Weak, ); }; };
		29F8FCDD0D4D4F15988631F8 /* Security.framework in Frameworks */ = {isa = PBXBuildFile; fileRef = 0395999420CB4D27A78072DA /* Security.framework */; settings = {ATTRIBUTES = (Weak, ); }; };
		3226FC05C04040E69AE34616 /* libz.tbd in Frameworks */ = {isa = PBXBuildFile; fileRef = C82EC877F21343FA94687D8B /* libz.tbd */; settings = {ATTRIBUTES = (Weak, ); }; };
		6758CF4598214C91AD011B77 /* libz.dylib in Frameworks */ = {isa = PBXBuildFile; fileRef = 2B6B970B77954C91983EFF9C /* libz.dylib */; settings = {ATTRIBUTES = (Weak, ); }; };
		F595C6FF2FCC4B14A22C1C2E /* PuzzR.entitlements in Resources */ = {isa = PBXBuildFile; fileRef = C74CD8ECE7CD40799FB4D492 /* PuzzR.entitlements */; };
		72DACDD2BC6746CD9C2D1DF6 /* FacebookConnectPlugin.m in Sources */ = {isa = PBXBuildFile; fileRef = 9BEF8D8C6E1D4A4CB7029BB4 /* FacebookConnectPlugin.m */; };
		EAC018757BA84B6B98FF16F4 /* Bolts.framework in Frameworks */ = {isa = PBXBuildFile; fileRef = 3651C4EA2EB441BAAB2B71C8 /* Bolts.framework */; };
		C7B451741A3D4273898ABC58 /* FBSDKCoreKit.framework in Frameworks */ = {isa = PBXBuildFile; fileRef = 980971E472574B9B82D40967 /* FBSDKCoreKit.framework */; };
		0B8C9559DD5F4F97AEE97A0D /* FBSDKLoginKit.framework in Frameworks */ = {isa = PBXBuildFile; fileRef = 0F73DF150E0A42F5B2DE3458 /* FBSDKLoginKit.framework */; };
		B6E88943F4C34D8791CF52AC /* FBSDKShareKit.framework in Frameworks */ = {isa = PBXBuildFile; fileRef = 6549FECDEB2C4F328ECE8DA7 /* FBSDKShareKit.framework */; };
		2314E5DC4CAD4016A07172D2 /* AppDelegate+notification.m in Sources */ = {isa = PBXBuildFile; fileRef = BB51F9CCCE5B4FFC85E7149D /* AppDelegate+notification.m */; };
		9F18B08FEB324DE4BB4709B2 /* PushPlugin.m in Sources */ = {isa = PBXBuildFile; fileRef = 31CE5EB2822144B1B68DB598 /* PushPlugin.m */; };
		4FF8F4DF503A436B81D1A65E /* AppDelegate+notification.m in Sources */ = {isa = PBXBuildFile; fileRef = 695C4F5F32CF49B19F2EBF0A /* AppDelegate+notification.m */; };
		9AE43886F581443E87258C10 /* PushPlugin.m in Sources */ = {isa = PBXBuildFile; fileRef = BB81EAAEA7E6415DA31BA4EB /* PushPlugin.m */; };
		E6EC51CD96E4427783C8A548 /* libsqlite3.tbd in Frameworks */ = {isa = PBXBuildFile; fileRef = E57DCB5AFE6847BE91B56D82 /* libsqlite3.tbd */; };
/* End PBXBuildFile section */

/* Begin PBXContainerItemProxy section */
		301BF534109A57CC0062928A /* PBXContainerItemProxy */ = {
			isa = PBXContainerItemProxy;
			containerPortal = 301BF52D109A57CC0062928A /* CordovaLib.xcodeproj */;
			proxyType = 2;
			remoteGlobalIDString = D2AAC07E0554694100DB518D;
			remoteInfo = CordovaLib;
		};
		301BF550109A68C00062928A /* PBXContainerItemProxy */ = {
			isa = PBXContainerItemProxy;
			containerPortal = 301BF52D109A57CC0062928A /* CordovaLib.xcodeproj */;
			proxyType = 1;
			remoteGlobalIDString = D2AAC07D0554694100DB518D;
			remoteInfo = CordovaLib;
		};
/* End PBXContainerItemProxy section */

/* Begin PBXFileReference section */
		0207DA571B56EA530066E2B4 /* Images.xcassets */ = {isa = PBXFileReference; lastKnownFileType = folder.assetcatalog; name = Images.xcassets; path = "PuzzR/Images.xcassets"; sourceTree = SOURCE_ROOT; };
		1D3623240D0F684500981E51 /* AppDelegate.h */ = {isa = PBXFileReference; fileEncoding = 4; lastKnownFileType = sourcecode.c.h; path = AppDelegate.h; sourceTree = "<group>"; };
		1D3623250D0F684500981E51 /* AppDelegate.m */ = {isa = PBXFileReference; fileEncoding = 4; lastKnownFileType = sourcecode.c.objc; path = AppDelegate.m; sourceTree = "<group>"; };
		1D6058910D05DD3D006BFB54 /* PuzzR.app */ = {isa = PBXFileReference; explicitFileType = wrapper.application; includeInIndex = 0; path = "PuzzR.app"; sourceTree = BUILT_PRODUCTS_DIR; };
		29B97316FDCFA39411CA2CEA /* main.m */ = {isa = PBXFileReference; fileEncoding = 4; lastKnownFileType = sourcecode.c.objc; path = main.m; sourceTree = "<group>"; };
		301BF52D109A57CC0062928A /* CordovaLib.xcodeproj */ = {isa = PBXFileReference; lastKnownFileType = "wrapper.pb-project"; name = CordovaLib.xcodeproj; path = CordovaLib/CordovaLib.xcodeproj; sourceTree = "<group>"; };
		301BF56E109A69640062928A /* www */ = {isa = PBXFileReference; lastKnownFileType = folder; path = www; sourceTree = SOURCE_ROOT; };
		302D95EE14D2391D003F00A1 /* MainViewController.h */ = {isa = PBXFileReference; fileEncoding = 4; lastKnownFileType = sourcecode.c.h; path = MainViewController.h; sourceTree = "<group>"; };
		302D95EF14D2391D003F00A1 /* MainViewController.m */ = {isa = PBXFileReference; fileEncoding = 4; lastKnownFileType = sourcecode.c.objc; path = MainViewController.m; sourceTree = "<group>"; };
		302D95F014D2391D003F00A1 /* MainViewController.xib */ = {isa = PBXFileReference; fileEncoding = 4; lastKnownFileType = file.xib; path = MainViewController.xib; sourceTree = "<group>"; };
		3047A50F1AB8059700498E2A /* build-debug.xcconfig */ = {isa = PBXFileReference; fileEncoding = 4; lastKnownFileType = text.xcconfig; name = "build-debug.xcconfig"; path = cordova/build-debug.xcconfig; sourceTree = SOURCE_ROOT; };
		3047A5101AB8059700498E2A /* build-release.xcconfig */ = {isa = PBXFileReference; fileEncoding = 4; lastKnownFileType = text.xcconfig; name = "build-release.xcconfig"; path = cordova/build-release.xcconfig; sourceTree = SOURCE_ROOT; };
		3047A5111AB8059700498E2A /* build.xcconfig */ = {isa = PBXFileReference; fileEncoding = 4; lastKnownFileType = text.xcconfig; name = build.xcconfig; path = cordova/build.xcconfig; sourceTree = SOURCE_ROOT; };
		32CA4F630368D1EE00C91783 /* PuzzR-Prefix.pch */ = {isa = PBXFileReference; fileEncoding = 4; lastKnownFileType = sourcecode.c.h; path = "PuzzR-Prefix.pch"; sourceTree = "<group>"; };
		6AFF5BF81D6E424B00AB3073 /* CDVLaunchScreen.storyboard */ = {isa = PBXFileReference; fileEncoding = 4; lastKnownFileType = file.storyboard; name = CDVLaunchScreen.storyboard; path = "PuzzR/CDVLaunchScreen.storyboard"; sourceTree = SOURCE_ROOT; };
		8D1107310486CEB800E47090 /* PuzzR-Info.plist */ = {isa = PBXFileReference; fileEncoding = 4; lastKnownFileType = text.plist.xml; name = "PuzzR-Info.plist"; path = "PuzzR/PuzzR-Info.plist"; plistStructureDefinitionIdentifier = "com.apple.xcode.plist.structure-definition.iphone.info-plist"; sourceTree = SOURCE_ROOT; };
		EB87FDF31871DA8E0020F90C /* www */ = {isa = PBXFileReference; lastKnownFileType = folder; name = www; path = ../../www; sourceTree = "<group>"; };
		EB87FDF41871DAF40020F90C /* config.xml */ = {isa = PBXFileReference; lastKnownFileType = text.xml; name = config.xml; path = ../../config.xml; sourceTree = "<group>"; };
		F840E1F0165FE0F500CFE078 /* config.xml */ = {isa = PBXFileReference; lastKnownFileType = text.xml; name = config.xml; path = "PuzzR/config.xml"; sourceTree = "<group>"; };
		ED33DF2A687741AEAF9F8254 /* Bridging-Header.h */ = {isa = PBXFileReference; fileEncoding = 4; lastKnownFileType = sourcecode.c.h; name = "Bridging-Header.h"; path = "Bridging-Header.h"; sourceTree = "<group>"; };
		32FB0E2617A2427D8A35E555 /* CDVLogger.m */ = {isa = PBXFileReference; name = "CDVLogger.m"; path = "cordova-plugin-console/CDVLogger.m"; sourceTree = "<group>"; fileEncoding = 4; lastKnownFileType = sourcecode.c.objc; explicitFileType = undefined; includeInIndex = 0; };
		BA1997DF40964547B0435A98 /* CDVLogger.h */ = {isa = PBXFileReference; name = "CDVLogger.h"; path = "cordova-plugin-console/CDVLogger.h"; sourceTree = "<group>"; fileEncoding = 4; lastKnownFileType = sourcecode.c.h; explicitFileType = undefined; includeInIndex = 0; };
		376D7103AB4C450FA61CB620 /* CDVDevice.m */ = {isa = PBXFileReference; name = "CDVDevice.m"; path = "cordova-plugin-device/CDVDevice.m"; sourceTree = "<group>"; fileEncoding = 4; lastKnownFileType = sourcecode.c.objc; explicitFileType = undefined; includeInIndex = 0; };
		8571F42A18574E219F4DC66E /* CDVDevice.h */ = {isa = PBXFileReference; name = "CDVDevice.h"; path = "cordova-plugin-device/CDVDevice.h"; sourceTree = "<group>"; fileEncoding = 4; lastKnownFileType = sourcecode.c.h; explicitFileType = undefined; includeInIndex = 0; };
		8215E6D348D44E6482F91676 /* CDVSplashScreen.m */ = {isa = PBXFileReference; name = "CDVSplashScreen.m"; path = "cordova-plugin-splashscreen/CDVSplashScreen.m"; sourceTree = "<group>"; fileEncoding = 4; lastKnownFileType = sourcecode.c.objc; explicitFileType = undefined; includeInIndex = 0; };
		A2D481F9CA124A47B7932C0C /* CDVViewController+SplashScreen.m */ = {isa = PBXFileReference; name = "CDVViewController+SplashScreen.m"; path = "cordova-plugin-splashscreen/CDVViewController+SplashScreen.m"; sourceTree = "<group>"; fileEncoding = 4; lastKnownFileType = sourcecode.c.objc; explicitFileType = undefined; includeInIndex = 0; };
		A314E056BAE447E4A444602E /* CDVSplashScreen.h */ = {isa = PBXFileReference; name = "CDVSplashScreen.h"; path = "cordova-plugin-splashscreen/CDVSplashScreen.h"; sourceTree = "<group>"; fileEncoding = 4; lastKnownFileType = sourcecode.c.h; explicitFileType = undefined; includeInIndex = 0; };
		576EE5401F5E4E959EB32819 /* CDVViewController+SplashScreen.h */ = {isa = PBXFileReference; name = "CDVViewController+SplashScreen.h"; path = "cordova-plugin-splashscreen/CDVViewController+SplashScreen.h"; sourceTree = "<group>"; fileEncoding = 4; lastKnownFileType = sourcecode.c.h; explicitFileType = undefined; includeInIndex = 0; };
		E94C80E7D1F3450CA675CE59 /* CDVStatusBar.m */ = {isa = PBXFileReference; name = "CDVStatusBar.m"; path = "cordova-plugin-statusbar/CDVStatusBar.m"; sourceTree = "<group>"; fileEncoding = 4; lastKnownFileType = sourcecode.c.objc; explicitFileType = undefined; includeInIndex = 0; };
		710D755E30804833AD09B76F /* CDVStatusBar.h */ = {isa = PBXFileReference; name = "CDVStatusBar.h"; path = "cordova-plugin-statusbar/CDVStatusBar.h"; sourceTree = "<group>"; fileEncoding = 4; lastKnownFileType = sourcecode.c.h; explicitFileType = undefined; includeInIndex = 0; };
		DA0FFB5B0C4B4707B94CF4C9 /* IonicKeyboard.m */ = {isa = PBXFileReference; name = "IonicKeyboard.m"; path = "ionic-plugin-keyboard/IonicKeyboard.m"; sourceTree = "<group>"; fileEncoding = 4; lastKnownFileType = sourcecode.c.objc; explicitFileType = undefined; includeInIndex = 0; };
		7E560320E95449EFAE2A23A4 /* IonicKeyboard.h */ = {isa = PBXFileReference; name = "IonicKeyboard.h"; path = "ionic-plugin-keyboard/IonicKeyboard.h"; sourceTree = "<group>"; fileEncoding = 4; lastKnownFileType = sourcecode.c.h; explicitFileType = undefined; includeInIndex = 0; };
		CCEB718F16CD476C9EAD51B1 /* CDVNotification.m */ = {isa = PBXFileReference; name = "CDVNotification.m"; path = "cordova-plugin-dialogs/CDVNotification.m"; sourceTree = "<group>"; fileEncoding = 4; lastKnownFileType = sourcecode.c.objc; explicitFileType = undefined; includeInIndex = 0; };
		49AE709684DC44C28E4ABF24 /* CDVNotification.h */ = {isa = PBXFileReference; name = "CDVNotification.h"; path = "cordova-plugin-dialogs/CDVNotification.h"; sourceTree = "<group>"; fileEncoding = 4; lastKnownFileType = sourcecode.c.h; explicitFileType = undefined; includeInIndex = 0; };
		3BF86226D5134DFA833EFEB8 /* CDVNotification.bundle */ = {isa = PBXFileReference; name = "CDVNotification.bundle"; path = "CDVNotification.bundle"; sourceTree = "<group>"; fileEncoding = undefined; lastKnownFileType = wrapper.plug-in; explicitFileType = undefined; includeInIndex = 0; };
		749A2DCF34AB4E0680EC61F0 /* AudioToolbox.framework */ = {isa = PBXFileReference; name = "AudioToolbox.framework"; path = "System/Library/Frameworks/AudioToolbox.framework"; sourceTree = SDKROOT; fileEncoding = undefined; lastKnownFileType = wrapper.framework; explicitFileType = undefined; includeInIndex = 0; };
		EC7AD8E95F6C4D4FB28E57DE /* CDVConnection.m */ = {isa = PBXFileReference; name = "CDVConnection.m"; path = "cordova-plugin-network-information/CDVConnection.m"; sourceTree = "<group>"; fileEncoding = 4; lastKnownFileType = sourcecode.c.objc; explicitFileType = undefined; includeInIndex = 0; };
		D38FC47D63B0417BA467692A /* CDVReachability.m */ = {isa = PBXFileReference; name = "CDVReachability.m"; path = "cordova-plugin-network-information/CDVReachability.m"; sourceTree = "<group>"; fileEncoding = 4; lastKnownFileType = sourcecode.c.objc; explicitFileType = undefined; includeInIndex = 0; };
		1A6C7FE985364002B69BF17F /* CDVConnection.h */ = {isa = PBXFileReference; name = "CDVConnection.h"; path = "cordova-plugin-network-information/CDVConnection.h"; sourceTree = "<group>"; fileEncoding = 4; lastKnownFileType = sourcecode.c.h; explicitFileType = undefined; includeInIndex = 0; };
		5EBDF4F8D8FB4AF6A07909BE /* CDVReachability.h */ = {isa = PBXFileReference; name = "CDVReachability.h"; path = "cordova-plugin-network-information/CDVReachability.h"; sourceTree = "<group>"; fileEncoding = 4; lastKnownFileType = sourcecode.c.h; explicitFileType = undefined; includeInIndex = 0; };
		E73598A07B3D449BB210946D /* SystemConfiguration.framework */ = {isa = PBXFileReference; name = "SystemConfiguration.framework"; path = "System/Library/Frameworks/SystemConfiguration.framework"; sourceTree = SDKROOT; fileEncoding = undefined; lastKnownFileType = wrapper.framework; explicitFileType = undefined; includeInIndex = 0; };
		902CC1BA50974DCCB0710201 /* CoreTelephony.framework */ = {isa = PBXFileReference; name = "CoreTelephony.framework"; path = "System/Library/Frameworks/CoreTelephony.framework"; sourceTree = SDKROOT; fileEncoding = undefined; lastKnownFileType = wrapper.framework; explicitFileType = undefined; includeInIndex = 0; };
		5B2F8DADA09C43DEBA44ECB2 /* GooglePlus.m */ = {isa = PBXFileReference; name = "GooglePlus.m"; path = "cordova-plugin-googleplus/GooglePlus.m"; sourceTree = "<group>"; fileEncoding = 4; lastKnownFileType = sourcecode.c.objc; explicitFileType = undefined; includeInIndex = 0; };
		59428B4DDE6045E6ADB6C5DD /* GooglePlus.h */ = {isa = PBXFileReference; name = "GooglePlus.h"; path = "cordova-plugin-googleplus/GooglePlus.h"; sourceTree = "<group>"; fileEncoding = 4; lastKnownFileType = sourcecode.c.h; explicitFileType = undefined; includeInIndex = 0; };
		21090730EAC54601BAF39696 /* GoogleAppUtilities.framework */ = {isa = PBXFileReference; name = "GoogleAppUtilities.framework"; path = "PuzzR/Plugins/cordova-plugin-googleplus/GoogleAppUtilities.framework"; sourceTree = "<group>"; fileEncoding = undefined; lastKnownFileType = wrapper.framework; explicitFileType = undefined; includeInIndex = 0; };
		D7BC9E0069584B86A9041AF1 /* GoogleAuthUtilities.framework */ = {isa = PBXFileReference; name = "GoogleAuthUtilities.framework"; path = "PuzzR/Plugins/cordova-plugin-googleplus/GoogleAuthUtilities.framework"; sourceTree = "<group>"; fileEncoding = undefined; lastKnownFileType = wrapper.framework; explicitFileType = undefined; includeInIndex = 0; };
		C14B34E2295648868FBE176F /* GoogleNetworkingUtilities.framework */ = {isa = PBXFileReference; name = "GoogleNetworkingUtilities.framework"; path = "PuzzR/Plugins/cordova-plugin-googleplus/GoogleNetworkingUtilities.framework"; sourceTree = "<group>"; fileEncoding = undefined; lastKnownFileType = wrapper.framework; explicitFileType = undefined; includeInIndex = 0; };
		2FBDC16CFCC54F4E982A8B3B /* GoogleSignIn.framework */ = {isa = PBXFileReference; name = "GoogleSignIn.framework"; path = "PuzzR/Plugins/cordova-plugin-googleplus/GoogleSignIn.framework"; sourceTree = "<group>"; fileEncoding = undefined; lastKnownFileType = wrapper.framework; explicitFileType = undefined; includeInIndex = 0; };
		0D9D91C9832147929EE8C581 /* GoogleSymbolUtilities.framework */ = {isa = PBXFileReference; name = "GoogleSymbolUtilities.framework"; path = "PuzzR/Plugins/cordova-plugin-googleplus/GoogleSymbolUtilities.framework"; sourceTree = "<group>"; fileEncoding = undefined; lastKnownFileType = wrapper.framework; explicitFileType = undefined; includeInIndex = 0; };
		94E8BD0B731B4225A34DA2D3 /* GoogleUtilities.framework */ = {isa = PBXFileReference; name = "GoogleUtilities.framework"; path = "PuzzR/Plugins/cordova-plugin-googleplus/GoogleUtilities.framework"; sourceTree = "<group>"; fileEncoding = undefined; lastKnownFileType = wrapper.framework; explicitFileType = undefined; includeInIndex = 0; };
		D1411022051041D4BECAE883 /* AddressBook.framework */ = {isa = PBXFileReference; name = "AddressBook.framework"; path = "System/Library/Frameworks/AddressBook.framework"; sourceTree = SDKROOT; fileEncoding = undefined; lastKnownFileType = wrapper.framework; explicitFileType = undefined; includeInIndex = 0; };
		4CF56DA6BBCB467D97169FE3 /* CoreText.framework */ = {isa = PBXFileReference; name = "CoreText.framework"; path = "System/Library/Frameworks/CoreText.framework"; sourceTree = SDKROOT; fileEncoding = undefined; lastKnownFileType = wrapper.framework; explicitFileType = undefined; includeInIndex = 0; };
		7162A7F3707741C0A0DB4C62 /* SafariServices.framework */ = {isa = PBXFileReference; name = "SafariServices.framework"; path = "System/Library/Frameworks/SafariServices.framework"; sourceTree = SDKROOT; fileEncoding = undefined; lastKnownFileType = wrapper.framework; explicitFileType = undefined; includeInIndex = 0; };
		0395999420CB4D27A78072DA /* Security.framework */ = {isa = PBXFileReference; name = "Security.framework"; path = "System/Library/Frameworks/Security.framework"; sourceTree = SDKROOT; fileEncoding = undefined; lastKnownFileType = wrapper.framework; explicitFileType = undefined; includeInIndex = 0; };
		C82EC877F21343FA94687D8B /* libz.tbd */ = {isa = PBXFileReference; name = "libz.tbd"; path = "usr/lib/libz.tbd"; sourceTree = SDKROOT; fileEncoding = undefined; lastKnownFileType = sourcecode.text-based-dylib-definition; explicitFileType = undefined; includeInIndex = 0; };
		2B6B970B77954C91983EFF9C /* libz.dylib */ = {isa = PBXFileReference; name = "libz.dylib"; path = "usr/lib/libz.dylib"; sourceTree = SDKROOT; fileEncoding = undefined; lastKnownFileType = compiled.mach-o.dylib; explicitFileType = undefined; includeInIndex = 0; };
		C74CD8ECE7CD40799FB4D492 /* PuzzR.entitlements */ = {isa = PBXFileReference; lastKnownFileType = unknown; name = "PuzzR.entitlements"; path = "PuzzR.entitlements"; sourceTree = "<group>"; fileEncoding = 4; };
		9BEF8D8C6E1D4A4CB7029BB4 /* FacebookConnectPlugin.m */ = {isa = PBXFileReference; name = "FacebookConnectPlugin.m"; path = "cordova-plugin-facebook4/FacebookConnectPlugin.m"; sourceTree = "<group>"; fileEncoding = 4; lastKnownFileType = sourcecode.c.objc; explicitFileType = undefined; includeInIndex = 0; };
		D0767A52F9604396A60BF256 /* FacebookConnectPlugin.h */ = {isa = PBXFileReference; name = "FacebookConnectPlugin.h"; path = "cordova-plugin-facebook4/FacebookConnectPlugin.h"; sourceTree = "<group>"; fileEncoding = 4; lastKnownFileType = sourcecode.c.h; explicitFileType = undefined; includeInIndex = 0; };
		3651C4EA2EB441BAAB2B71C8 /* Bolts.framework */ = {isa = PBXFileReference; name = "Bolts.framework"; path = "PuzzR/Plugins/cordova-plugin-facebook4/Bolts.framework"; sourceTree = "<group>"; fileEncoding = undefined; lastKnownFileType = wrapper.framework; explicitFileType = undefined; includeInIndex = 0; };
		980971E472574B9B82D40967 /* FBSDKCoreKit.framework */ = {isa = PBXFileReference; name = "FBSDKCoreKit.framework"; path = "PuzzR/Plugins/cordova-plugin-facebook4/FBSDKCoreKit.framework"; sourceTree = "<group>"; fileEncoding = undefined; lastKnownFileType = wrapper.framework; explicitFileType = undefined; includeInIndex = 0; };
		0F73DF150E0A42F5B2DE3458 /* FBSDKLoginKit.framework */ = {isa = PBXFileReference; name = "FBSDKLoginKit.framework"; path = "PuzzR/Plugins/cordova-plugin-facebook4/FBSDKLoginKit.framework"; sourceTree = "<group>"; fileEncoding = undefined; lastKnownFileType = wrapper.framework; explicitFileType = undefined; includeInIndex = 0; };
		6549FECDEB2C4F328ECE8DA7 /* FBSDKShareKit.framework */ = {isa = PBXFileReference; name = "FBSDKShareKit.framework"; path = "PuzzR/Plugins/cordova-plugin-facebook4/FBSDKShareKit.framework"; sourceTree = "<group>"; fileEncoding = undefined; lastKnownFileType = wrapper.framework; explicitFileType = undefined; includeInIndex = 0; };
		BB51F9CCCE5B4FFC85E7149D /* AppDelegate+notification.m */ = {isa = PBXFileReference; name = "AppDelegate+notification.m"; path = "com.phonegap.plugins.PushPlugin/AppDelegate+notification.m"; sourceTree = "<group>"; fileEncoding = 4; lastKnownFileType = sourcecode.c.objc; explicitFileType = undefined; includeInIndex = 0; };
		31CE5EB2822144B1B68DB598 /* PushPlugin.m */ = {isa = PBXFileReference; name = "PushPlugin.m"; path = "com.phonegap.plugins.PushPlugin/PushPlugin.m"; sourceTree = "<group>"; fileEncoding = 4; lastKnownFileType = sourcecode.c.objc; explicitFileType = undefined; includeInIndex = 0; };
		58CF1DED525642648706EAB2 /* AppDelegate+notification.h */ = {isa = PBXFileReference; name = "AppDelegate+notification.h"; path = "com.phonegap.plugins.PushPlugin/AppDelegate+notification.h"; sourceTree = "<group>"; fileEncoding = 4; lastKnownFileType = sourcecode.c.h; explicitFileType = undefined; includeInIndex = 0; };
		986002FFD5694D96B84B7056 /* PushPlugin.h */ = {isa = PBXFileReference; name = "PushPlugin.h"; path = "com.phonegap.plugins.PushPlugin/PushPlugin.h"; sourceTree = "<group>"; fileEncoding = 4; lastKnownFileType = sourcecode.c.h; explicitFileType = undefined; includeInIndex = 0; };
		695C4F5F32CF49B19F2EBF0A /* AppDelegate+notification.m */ = {isa = PBXFileReference; name = "AppDelegate+notification.m"; path = "phonegap-plugin-push/AppDelegate+notification.m"; sourceTree = "<group>"; fileEncoding = 4; lastKnownFileType = sourcecode.c.objc; explicitFileType = undefined; includeInIndex = 0; };
		BB81EAAEA7E6415DA31BA4EB /* PushPlugin.m */ = {isa = PBXFileReference; name = "PushPlugin.m"; path = "phonegap-plugin-push/PushPlugin.m"; sourceTree = "<group>"; fileEncoding = 4; lastKnownFileType = sourcecode.c.objc; explicitFileType = undefined; includeInIndex = 0; };
		86F7E4C40CFA4DF6B8D27BE2 /* AppDelegate+notification.h */ = {isa = PBXFileReference; name = "AppDelegate+notification.h"; path = "phonegap-plugin-push/AppDelegate+notification.h"; sourceTree = "<group>"; fileEncoding = 4; lastKnownFileType = sourcecode.c.h; explicitFileType = undefined; includeInIndex = 0; };
		413574A4DE10407AB0E6AD50 /* PushPlugin.h */ = {isa = PBXFileReference; name = "PushPlugin.h"; path = "phonegap-plugin-push/PushPlugin.h"; sourceTree = "<group>"; fileEncoding = 4; lastKnownFileType = sourcecode.c.h; explicitFileType = undefined; includeInIndex = 0; };
		E57DCB5AFE6847BE91B56D82 /* libsqlite3.tbd */ = {isa = PBXFileReference; name = "libsqlite3.tbd"; path = "usr/lib/libsqlite3.tbd"; sourceTree = SDKROOT; fileEncoding = undefined; lastKnownFileType = sourcecode.text-based-dylib-definition; explicitFileType = undefined; includeInIndex = 0; };
/* End PBXFileReference section */

/* Begin PBXFrameworksBuildPhase section */
		1D60588F0D05DD3D006BFB54 /* Frameworks */ = {
			isa = PBXFrameworksBuildPhase;
			buildActionMask = 2147483647;
			files = (
				301BF552109A68D80062928A /* libCordova.a in Frameworks */,
				7DC6960DED73469BB399EA79 /* AudioToolbox.framework in Frameworks */,
				B7E142218DF24CBB8D91BA93 /* SystemConfiguration.framework in Frameworks */,
				76D5F224D7BC47C6BBAB7C4D /* CoreTelephony.framework in Frameworks */,
				1124E1880E864CEEB6AD4069 /* GoogleAppUtilities.framework in Frameworks */,
				1AA679ED700642A2BD2E647A /* GoogleAuthUtilities.framework in Frameworks */,
				5B5F4CDB818F475CAE75D719 /* GoogleNetworkingUtilities.framework in Frameworks */,
				8B815E0553A547878D5C36FC /* GoogleSignIn.framework in Frameworks */,
				94A4269A6C6C4616BB53E468 /* GoogleSymbolUtilities.framework in Frameworks */,
				0AC6D8C6F0D744818D749DF6 /* GoogleUtilities.framework in Frameworks */,
				ABEF77E60E8348D4805B7FB0 /* AddressBook.framework in Frameworks */,
				196F036150EB45DCB57C8981 /* CoreText.framework in Frameworks */,
				194C50EE138748DA8B6E55AE /* SafariServices.framework in Frameworks */,
				29F8FCDD0D4D4F15988631F8 /* Security.framework in Frameworks */,
				3226FC05C04040E69AE34616 /* libz.tbd in Frameworks */,
				6758CF4598214C91AD011B77 /* libz.dylib in Frameworks */,
				EAC018757BA84B6B98FF16F4 /* Bolts.framework in Frameworks */,
				C7B451741A3D4273898ABC58 /* FBSDKCoreKit.framework in Frameworks */,
				0B8C9559DD5F4F97AEE97A0D /* FBSDKLoginKit.framework in Frameworks */,
				B6E88943F4C34D8791CF52AC /* FBSDKShareKit.framework in Frameworks */,
				E6EC51CD96E4427783C8A548 /* libsqlite3.tbd in Frameworks */,
			);
			runOnlyForDeploymentPostprocessing = 0;
		};
/* End PBXFrameworksBuildPhase section */

/* Begin PBXGroup section */
		080E96DDFE201D6D7F000001 /* Classes */ = {
			isa = PBXGroup;
			children = (
				302D95EE14D2391D003F00A1 /* MainViewController.h */,
				302D95EF14D2391D003F00A1 /* MainViewController.m */,
				302D95F014D2391D003F00A1 /* MainViewController.xib */,
				1D3623240D0F684500981E51 /* AppDelegate.h */,
				1D3623250D0F684500981E51 /* AppDelegate.m */,
			);
			name = Classes;
			path = "PuzzR/Classes";
			sourceTree = SOURCE_ROOT;
		};
		19C28FACFE9D520D11CA2CBB /* Products */ = {
			isa = PBXGroup;
			children = (
				1D6058910D05DD3D006BFB54 /* PuzzR.app */,
			);
			name = Products;
			sourceTree = "<group>";
		};
		29B97314FDCFA39411CA2CEA /* CustomTemplate */ = {
			isa = PBXGroup;
			children = (
				EB87FDF41871DAF40020F90C /* config.xml */,
				EB87FDF31871DA8E0020F90C /* www */,
				EB87FDF11871DA420020F90C /* Staging */,
				301BF52D109A57CC0062928A /* CordovaLib.xcodeproj */,
				080E96DDFE201D6D7F000001 /* Classes */,
				307C750510C5A3420062BCA9 /* Plugins */,
				29B97315FDCFA39411CA2CEA /* Other Sources */,
				29B97317FDCFA39411CA2CEA /* Resources */,
				29B97323FDCFA39411CA2CEA /* Frameworks */,
				19C28FACFE9D520D11CA2CBB /* Products */,
			);
			name = CustomTemplate;
			sourceTree = "<group>";
		};
		29B97315FDCFA39411CA2CEA /* Other Sources */ = {
			isa = PBXGroup;
			children = (
				32CA4F630368D1EE00C91783 /* PuzzR-Prefix.pch */,
				29B97316FDCFA39411CA2CEA /* main.m */,
				ED33DF2A687741AEAF9F8254 /* Bridging-Header.h */,
			);
			name = "Other Sources";
			path = "PuzzR";
			sourceTree = "<group>";
		};
		29B97317FDCFA39411CA2CEA /* Resources */ = {
			isa = PBXGroup;
			children = (
				0207DA571B56EA530066E2B4 /* Images.xcassets */,
				3047A50E1AB8057F00498E2A /* config */,
				8D1107310486CEB800E47090 /* PuzzR-Info.plist */,
				6AFF5BF81D6E424B00AB3073 /* CDVLaunchScreen.storyboard */,
				3BF86226D5134DFA833EFEB8 /* CDVNotification.bundle */,
				C74CD8ECE7CD40799FB4D492 /* PuzzR.entitlements */,
			);
			name = Resources;
			path = "PuzzR/Resources";
			sourceTree = "<group>";
		};
		29B97323FDCFA39411CA2CEA /* Frameworks */ = {
			isa = PBXGroup;
			children = (
				749A2DCF34AB4E0680EC61F0 /* AudioToolbox.framework */,
				E73598A07B3D449BB210946D /* SystemConfiguration.framework */,
				902CC1BA50974DCCB0710201 /* CoreTelephony.framework */,
				21090730EAC54601BAF39696 /* GoogleAppUtilities.framework */,
				D7BC9E0069584B86A9041AF1 /* GoogleAuthUtilities.framework */,
				C14B34E2295648868FBE176F /* GoogleNetworkingUtilities.framework */,
				2FBDC16CFCC54F4E982A8B3B /* GoogleSignIn.framework */,
				0D9D91C9832147929EE8C581 /* GoogleSymbolUtilities.framework */,
				94E8BD0B731B4225A34DA2D3 /* GoogleUtilities.framework */,
				D1411022051041D4BECAE883 /* AddressBook.framework */,
				4CF56DA6BBCB467D97169FE3 /* CoreText.framework */,
				7162A7F3707741C0A0DB4C62 /* SafariServices.framework */,
				0395999420CB4D27A78072DA /* Security.framework */,
				C82EC877F21343FA94687D8B /* libz.tbd */,
				2B6B970B77954C91983EFF9C /* libz.dylib */,
				3651C4EA2EB441BAAB2B71C8 /* Bolts.framework */,
				980971E472574B9B82D40967 /* FBSDKCoreKit.framework */,
				0F73DF150E0A42F5B2DE3458 /* FBSDKLoginKit.framework */,
				6549FECDEB2C4F328ECE8DA7 /* FBSDKShareKit.framework */,
				E57DCB5AFE6847BE91B56D82 /* libsqlite3.tbd */,
			);
			name = Frameworks;
			sourceTree = "<group>";
		};
		301BF52E109A57CC0062928A /* Products */ = {
			isa = PBXGroup;
			children = (
				301BF535109A57CC0062928A /* libCordova.a */,
			);
			name = Products;
			sourceTree = "<group>";
		};
		3047A50E1AB8057F00498E2A /* config */ = {
			isa = PBXGroup;
			children = (
				3047A50F1AB8059700498E2A /* build-debug.xcconfig */,
				3047A5101AB8059700498E2A /* build-release.xcconfig */,
				3047A5111AB8059700498E2A /* build.xcconfig */,
			);
			name = config;
			sourceTree = "<group>";
		};
		307C750510C5A3420062BCA9 /* Plugins */ = {
			isa = PBXGroup;
			children = (
				32FB0E2617A2427D8A35E555 /* CDVLogger.m */,
				BA1997DF40964547B0435A98 /* CDVLogger.h */,
				376D7103AB4C450FA61CB620 /* CDVDevice.m */,
				8571F42A18574E219F4DC66E /* CDVDevice.h */,
				8215E6D348D44E6482F91676 /* CDVSplashScreen.m */,
				A2D481F9CA124A47B7932C0C /* CDVViewController+SplashScreen.m */,
				A314E056BAE447E4A444602E /* CDVSplashScreen.h */,
				576EE5401F5E4E959EB32819 /* CDVViewController+SplashScreen.h */,
				E94C80E7D1F3450CA675CE59 /* CDVStatusBar.m */,
				710D755E30804833AD09B76F /* CDVStatusBar.h */,
				DA0FFB5B0C4B4707B94CF4C9 /* IonicKeyboard.m */,
				7E560320E95449EFAE2A23A4 /* IonicKeyboard.h */,
				CCEB718F16CD476C9EAD51B1 /* CDVNotification.m */,
				49AE709684DC44C28E4ABF24 /* CDVNotification.h */,
				EC7AD8E95F6C4D4FB28E57DE /* CDVConnection.m */,
				D38FC47D63B0417BA467692A /* CDVReachability.m */,
				1A6C7FE985364002B69BF17F /* CDVConnection.h */,
				5EBDF4F8D8FB4AF6A07909BE /* CDVReachability.h */,
				5B2F8DADA09C43DEBA44ECB2 /* GooglePlus.m */,
				59428B4DDE6045E6ADB6C5DD /* GooglePlus.h */,
				9BEF8D8C6E1D4A4CB7029BB4 /* FacebookConnectPlugin.m */,
				D0767A52F9604396A60BF256 /* FacebookConnectPlugin.h */,
				BB51F9CCCE5B4FFC85E7149D /* AppDelegate+notification.m */,
				31CE5EB2822144B1B68DB598 /* PushPlugin.m */,
				58CF1DED525642648706EAB2 /* AppDelegate+notification.h */,
				986002FFD5694D96B84B7056 /* PushPlugin.h */,
				695C4F5F32CF49B19F2EBF0A /* AppDelegate+notification.m */,
				BB81EAAEA7E6415DA31BA4EB /* PushPlugin.m */,
				86F7E4C40CFA4DF6B8D27BE2 /* AppDelegate+notification.h */,
				413574A4DE10407AB0E6AD50 /* PushPlugin.h */,
			);
			name = Plugins;
			path = "PuzzR/Plugins";
			sourceTree = SOURCE_ROOT;
		};
		EB87FDF11871DA420020F90C /* Staging */ = {
			isa = PBXGroup;
			children = (
				F840E1F0165FE0F500CFE078 /* config.xml */,
				301BF56E109A69640062928A /* www */,
			);
			name = Staging;
			sourceTree = "<group>";
		};
/* End PBXGroup section */

/* Begin PBXNativeTarget section */
		1D6058900D05DD3D006BFB54 /* PuzzR */ = {
			isa = PBXNativeTarget;
			buildConfigurationList = 1D6058960D05DD3E006BFB54 /* Build configuration list for PBXNativeTarget "PuzzR" */;
			buildPhases = (
				304B58A110DAC018002A0835 /* Copy www directory */,
				1D60588D0D05DD3D006BFB54 /* Resources */,
				1D60588E0D05DD3D006BFB54 /* Sources */,
				1D60588F0D05DD3D006BFB54 /* Frameworks */,
			);
			buildRules = (
			);
			dependencies = (
				301BF551109A68C00062928A /* PBXTargetDependency */,
			);
			name = "PuzzR";
			productName = "PuzzR";
			productReference = 1D6058910D05DD3D006BFB54 /* PuzzR.app */;
			productType = "com.apple.product-type.application";
		};
/* End PBXNativeTarget section */

/* Begin PBXProject section */
		29B97313FDCFA39411CA2CEA /* Project object */ = {
			isa = PBXProject;
			attributes = {
				LastUpgradeCheck = 510;
			};
			buildConfigurationList = C01FCF4E08A954540054247B /* Build configuration list for PBXProject "__NON-CLI__" */;
			compatibilityVersion = "Xcode 3.2";
			developmentRegion = English;
			hasScannedForEncodings = 1;
			mainGroup = 29B97314FDCFA39411CA2CEA /* CustomTemplate */;
			projectDirPath = "";
			projectReferences = (
				{
					ProductGroup = 301BF52E109A57CC0062928A /* Products */;
					ProjectRef = 301BF52D109A57CC0062928A /* CordovaLib.xcodeproj */;
				},
			);
			projectRoot = "";
			targets = (
				1D6058900D05DD3D006BFB54 /* PuzzR */,
			);
		};
/* End PBXProject section */

/* Begin PBXReferenceProxy section */
		301BF535109A57CC0062928A /* libCordova.a */ = {
			isa = PBXReferenceProxy;
			fileType = archive.ar;
			path = libCordova.a;
			remoteRef = 301BF534109A57CC0062928A /* PBXContainerItemProxy */;
			sourceTree = BUILT_PRODUCTS_DIR;
		};
/* End PBXReferenceProxy section */

/* Begin PBXResourcesBuildPhase section */
		1D60588D0D05DD3D006BFB54 /* Resources */ = {
			isa = PBXResourcesBuildPhase;
			buildActionMask = 2147483647;
			files = (
				302D95F214D2391D003F00A1 /* MainViewController.xib in Resources */,
				0207DA581B56EA530066E2B4 /* Images.xcassets in Resources */,
				6AFF5BF91D6E424B00AB3073 /* CDVLaunchScreen.storyboard in Resources */,
				1F6B7DF22EC14151822E67AA /* CDVNotification.bundle in Resources */,
				F595C6FF2FCC4B14A22C1C2E /* PuzzR.entitlements in Resources */,
			);
			runOnlyForDeploymentPostprocessing = 0;
		};
/* End PBXResourcesBuildPhase section */

/* Begin PBXShellScriptBuildPhase section */
		304B58A110DAC018002A0835 /* Copy www directory */ = {
			isa = PBXShellScriptBuildPhase;
			buildActionMask = 2147483647;
			files = (
			);
			inputPaths = (
			);
			name = "Copy www directory";
			outputPaths = (
			);
			runOnlyForDeploymentPostprocessing = 0;
			shellPath = /bin/sh;
			shellScript = "NODEJS_PATH=/usr/local/bin; NVM_NODE_PATH=~/.nvm/versions/node/`nvm version 2>/dev/null`/bin; N_NODE_PATH=`find /usr/local/n/versions/node/* -maxdepth 0 -type d 2>/dev/null | tail -1`/bin; XCODE_NODE_PATH=`xcode-select --print-path`/usr/share/xcs/Node/bin; PATH=$NODEJS_PATH:$NVM_NODE_PATH:$N_NODE_PATH:$XCODE_NODE_PATH:$PATH && node cordova/lib/copy-www-build-step.js";
			showEnvVarsInLog = 0;
		};
/* End PBXShellScriptBuildPhase section */

/* Begin PBXSourcesBuildPhase section */
		1D60588E0D05DD3D006BFB54 /* Sources */ = {
			isa = PBXSourcesBuildPhase;
			buildActionMask = 2147483647;
			files = (
				1D60589B0D05DD56006BFB54 /* main.m in Sources */,
				1D3623260D0F684500981E51 /* AppDelegate.m in Sources */,
				302D95F114D2391D003F00A1 /* MainViewController.m in Sources */,
				3C425CCB3B2040F1BCF23A46 /* CDVLogger.m in Sources */,
				4573D20103894B3EA96E649C /* CDVDevice.m in Sources */,
				1F232AAB74484B37A030E658 /* CDVSplashScreen.m in Sources */,
				D8079716AEE1419AA2B83499 /* CDVViewController+SplashScreen.m in Sources */,
				F7A7C8EFCB364136A610C11B /* CDVStatusBar.m in Sources */,
				4B6451298D604578A7628184 /* IonicKeyboard.m in Sources */,
				E28BCB8F78E4410796D8EEED /* CDVNotification.m in Sources */,
				18F6F189CED04590A9C606E3 /* CDVConnection.m in Sources */,
				331E6BACAC994C2C8D603120 /* CDVReachability.m in Sources */,
				184442B6AF504A208B8D8B2B /* GooglePlus.m in Sources */,
				72DACDD2BC6746CD9C2D1DF6 /* FacebookConnectPlugin.m in Sources */,
				2314E5DC4CAD4016A07172D2 /* AppDelegate+notification.m in Sources */,
				9F18B08FEB324DE4BB4709B2 /* PushPlugin.m in Sources */,
				4FF8F4DF503A436B81D1A65E /* AppDelegate+notification.m in Sources */,
				9AE43886F581443E87258C10 /* PushPlugin.m in Sources */,
			);
			runOnlyForDeploymentPostprocessing = 0;
		};
/* End PBXSourcesBuildPhase section */

/* Begin PBXTargetDependency section */
		301BF551109A68C00062928A /* PBXTargetDependency */ = {
			isa = PBXTargetDependency;
			name = CordovaLib;
			targetProxy = 301BF550109A68C00062928A /* PBXContainerItemProxy */;
		};
/* End PBXTargetDependency section */

/* Begin XCBuildConfiguration section */
		1D6058940D05DD3E006BFB54 /* Debug */ = {
			isa = XCBuildConfiguration;
			baseConfigurationReference = 3047A50F1AB8059700498E2A /* build-debug.xcconfig */;
			buildSettings = {
				ALWAYS_SEARCH_USER_PATHS = NO;
				ASSETCATALOG_COMPILER_APPICON_NAME = AppIcon;
				ASSETCATALOG_COMPILER_LAUNCHIMAGE_NAME = LaunchImage;
				CLANG_ENABLE_MODULES = YES;
				CLANG_ENABLE_OBJC_ARC = YES;
				COPY_PHASE_STRIP = NO;
				GCC_DYNAMIC_NO_PIC = NO;
				GCC_OPTIMIZATION_LEVEL = 0;
				GCC_PRECOMPILE_PREFIX_HEADER = YES;
				GCC_PREFIX_HEADER = "PuzzR/PuzzR-Prefix.pch";
				GCC_THUMB_SUPPORT = NO;
				GCC_VERSION = "";
				INFOPLIST_FILE = "PuzzR/PuzzR-Info.plist";
				IPHONEOS_DEPLOYMENT_TARGET = 8.0;
				LD_RUNPATH_SEARCH_PATHS = "@executable_path/Frameworks";
				TARGETED_DEVICE_FAMILY = "1,2";
				PRODUCT_NAME = "PuzzR";
				FRAMEWORK_SEARCH_PATHS = (
					"$(inherited)",
					"\"PuzzR/Plugins/cordova-plugin-googleplus\"",
					"\"PuzzR/Plugins/cordova-plugin-googleplus\"",
					"\"PuzzR/Plugins/cordova-plugin-googleplus\"",
					"\"PuzzR/Plugins/cordova-plugin-googleplus\"",
					"\"PuzzR/Plugins/cordova-plugin-googleplus\"",
					"\"PuzzR/Plugins/cordova-plugin-googleplus\"",
					"\"PuzzR/Plugins/cordova-plugin-facebook4\"",
					"\"PuzzR/Plugins/cordova-plugin-facebook4\"",
					"\"PuzzR/Plugins/cordova-plugin-facebook4\"",
					"\"PuzzR/Plugins/cordova-plugin-facebook4\"",
				);
				CODE_SIGN_ENTITLEMENTS = "PuzzR/Resources/PuzzR.entitlements";
			};
			name = Debug;
		};
		1D6058950D05DD3E006BFB54 /* Release */ = {
			isa = XCBuildConfiguration;
			baseConfigurationReference = 3047A5101AB8059700498E2A /* build-release.xcconfig */;
			buildSettings = {
				ALWAYS_SEARCH_USER_PATHS = NO;
				ASSETCATALOG_COMPILER_APPICON_NAME = AppIcon;
				ASSETCATALOG_COMPILER_LAUNCHIMAGE_NAME = LaunchImage;
				CLANG_ENABLE_MODULES = YES;
				CLANG_ENABLE_OBJC_ARC = YES;
				COPY_PHASE_STRIP = YES;
				GCC_PRECOMPILE_PREFIX_HEADER = YES;
				GCC_PREFIX_HEADER = "PuzzR/PuzzR-Prefix.pch";
				GCC_THUMB_SUPPORT = NO;
				GCC_VERSION = "";
				INFOPLIST_FILE = "PuzzR/PuzzR-Info.plist";
				IPHONEOS_DEPLOYMENT_TARGET = 8.0;
				LD_RUNPATH_SEARCH_PATHS = "@executable_path/Frameworks";
				TARGETED_DEVICE_FAMILY = "1,2";
				PRODUCT_NAME = "PuzzR";
				FRAMEWORK_SEARCH_PATHS = (
					"$(inherited)",
					"\"PuzzR/Plugins/cordova-plugin-googleplus\"",
					"\"PuzzR/Plugins/cordova-plugin-googleplus\"",
					"\"PuzzR/Plugins/cordova-plugin-googleplus\"",
					"\"PuzzR/Plugins/cordova-plugin-googleplus\"",
					"\"PuzzR/Plugins/cordova-plugin-googleplus\"",
					"\"PuzzR/Plugins/cordova-plugin-googleplus\"",
					"\"PuzzR/Plugins/cordova-plugin-facebook4\"",
					"\"PuzzR/Plugins/cordova-plugin-facebook4\"",
					"\"PuzzR/Plugins/cordova-plugin-facebook4\"",
					"\"PuzzR/Plugins/cordova-plugin-facebook4\"",
				);
				CODE_SIGN_ENTITLEMENTS = "PuzzR/Resources/PuzzR.entitlements";
			};
			name = Release;
		};
		C01FCF4F08A954540054247B /* Debug */ = {
			isa = XCBuildConfiguration;
			baseConfigurationReference = 3047A5111AB8059700498E2A /* build.xcconfig */;
			buildSettings = {
				CLANG_ENABLE_MODULES = YES;
				CLANG_ENABLE_OBJC_ARC = YES;
				CLANG_WARN_BOOL_CONVERSION = YES;
				CLANG_WARN_CONSTANT_CONVERSION = YES;
				CLANG_WARN_EMPTY_BODY = YES;
				CLANG_WARN_ENUM_CONVERSION = YES;
				CLANG_WARN_INT_CONVERSION = YES;
				CLANG_WARN__DUPLICATE_METHOD_MATCH = YES;
				GCC_C_LANGUAGE_STANDARD = c99;
				GCC_THUMB_SUPPORT = NO;
				GCC_VERSION = "";
				GCC_WARN_ABOUT_RETURN_TYPE = YES;
				GCC_WARN_UNDECLARED_SELECTOR = YES;
				GCC_WARN_UNINITIALIZED_AUTOS = YES;
				GCC_WARN_UNUSED_FUNCTION = YES;
				GCC_WARN_UNUSED_VARIABLE = YES;
				ONLY_ACTIVE_ARCH = YES;
				SDKROOT = iphoneos;
				SKIP_INSTALL = NO;
				ASSETCATALOG_COMPILER_LAUNCHIMAGE_NAME = LaunchImage;
				CODE_SIGN_ENTITLEMENTS = "PuzzR/Resources/PuzzR.entitlements";
			};
			name = Debug;
		};
		C01FCF5008A954540054247B /* Release */ = {
			isa = XCBuildConfiguration;
			baseConfigurationReference = 3047A5111AB8059700498E2A /* build.xcconfig */;
			buildSettings = {
				CLANG_ENABLE_MODULES = YES;
				CLANG_ENABLE_OBJC_ARC = YES;
				CLANG_WARN_BOOL_CONVERSION = YES;
				CLANG_WARN_CONSTANT_CONVERSION = YES;
				CLANG_WARN_EMPTY_BODY = YES;
				CLANG_WARN_ENUM_CONVERSION = YES;
				CLANG_WARN_INT_CONVERSION = YES;
				CLANG_WARN__DUPLICATE_METHOD_MATCH = YES;
				GCC_C_LANGUAGE_STANDARD = c99;
				GCC_THUMB_SUPPORT = NO;
				GCC_VERSION = "";
				GCC_WARN_ABOUT_RETURN_TYPE = YES;
				GCC_WARN_UNDECLARED_SELECTOR = YES;
				GCC_WARN_UNINITIALIZED_AUTOS = YES;
				GCC_WARN_UNUSED_FUNCTION = YES;
				GCC_WARN_UNUSED_VARIABLE = YES;
				SDKROOT = iphoneos;
				SKIP_INSTALL = NO;
				ASSETCATALOG_COMPILER_LAUNCHIMAGE_NAME = LaunchImage;
				CODE_SIGN_ENTITLEMENTS = "PuzzR/Resources/PuzzR.entitlements";
			};
			name = Release;
		};
/* End XCBuildConfiguration section */

/* Begin XCConfigurationList section */
		1D6058960D05DD3E006BFB54 /* Build configuration list for PBXNativeTarget "PuzzR" */ = {
			isa = XCConfigurationList;
			buildConfigurations = (
				1D6058940D05DD3E006BFB54 /* Debug */,
				1D6058950D05DD3E006BFB54 /* Release */,
			);
			defaultConfigurationIsVisible = 0;
			defaultConfigurationName = Release;
		};
		C01FCF4E08A954540054247B /* Build configuration list for PBXProject "__NON-CLI__" */ = {
			isa = XCConfigurationList;
			buildConfigurations = (
				C01FCF4F08A954540054247B /* Debug */,
				C01FCF5008A954540054247B /* Release */,
			);
			defaultConfigurationIsVisible = 0;
			defaultConfigurationName = Release;
		};
/* End XCConfigurationList section */
	};
	rootObject = 29B97313FDCFA39411CA2CEA /* Project object */;
}
